// !$*UTF8*$!
{
	archiveVersion = 1;
	classes = {
	};
	objectVersion = 50;
	objects = {

/* Begin PBXBuildFile section */
		C8AD32782387BA950042ED39 /* AppDelegate.swift in Sources */ = {isa = PBXBuildFile; fileRef = C8AD32772387BA950042ED39 /* AppDelegate.swift */; };
		C8AD327A2387BA950042ED39 /* SceneDelegate.swift in Sources */ = {isa = PBXBuildFile; fileRef = C8AD32792387BA950042ED39 /* SceneDelegate.swift */; };
		C8AD327C2387BA950042ED39 /* ViewController.swift in Sources */ = {isa = PBXBuildFile; fileRef = C8AD327B2387BA950042ED39 /* ViewController.swift */; };
		C8AD327F2387BA950042ED39 /* Main.storyboard in Resources */ = {isa = PBXBuildFile; fileRef = C8AD327D2387BA950042ED39 /* Main.storyboard */; };
		C8AD32812387BA9C0042ED39 /* Assets.xcassets in Resources */ = {isa = PBXBuildFile; fileRef = C8AD32802387BA9C0042ED39 /* Assets.xcassets */; };
		C8AD32842387BA9C0042ED39 /* LaunchScreen.storyboard in Resources */ = {isa = PBXBuildFile; fileRef = C8AD32822387BA9C0042ED39 /* LaunchScreen.storyboard */; };
		C8AD328F2387BA9D0042ED39 /* OH_ManagementTests.swift in Sources */ = {isa = PBXBuildFile; fileRef = C8AD328E2387BA9D0042ED39 /* OH_ManagementTests.swift */; };
		C8AD329A2387BA9D0042ED39 /* OH_ManagementUITests.swift in Sources */ = {isa = PBXBuildFile; fileRef = C8AD32992387BA9D0042ED39 /* OH_ManagementUITests.swift */; };
/* End PBXBuildFile section */

/* Begin PBXContainerItemProxy section */
		C8AD328B2387BA9D0042ED39 /* PBXContainerItemProxy */ = {
			isa = PBXContainerItemProxy;
			containerPortal = C8AD326C2387BA950042ED39 /* Project object */;
			proxyType = 1;
			remoteGlobalIDString = C8AD32732387BA950042ED39;
			remoteInfo = OH_Management;
		};
		C8AD32962387BA9D0042ED39 /* PBXContainerItemProxy */ = {
			isa = PBXContainerItemProxy;
			containerPortal = C8AD326C2387BA950042ED39 /* Project object */;
			proxyType = 1;
			remoteGlobalIDString = C8AD32732387BA950042ED39;
			remoteInfo = OH_Management;
		};
/* End PBXContainerItemProxy section */

/* Begin PBXFileReference section */
		C8AD32742387BA950042ED39 /* OH_Management.app */ = {isa = PBXFileReference; explicitFileType = wrapper.application; includeInIndex = 0; path = OH_Management.app; sourceTree = BUILT_PRODUCTS_DIR; };
		C8AD32772387BA950042ED39 /* AppDelegate.swift */ = {isa = PBXFileReference; lastKnownFileType = sourcecode.swift; path = AppDelegate.swift; sourceTree = "<group>"; };
		C8AD32792387BA950042ED39 /* SceneDelegate.swift */ = {isa = PBXFileReference; lastKnownFileType = sourcecode.swift; path = SceneDelegate.swift; sourceTree = "<group>"; };
		C8AD327B2387BA950042ED39 /* ViewController.swift */ = {isa = PBXFileReference; lastKnownFileType = sourcecode.swift; path = ViewController.swift; sourceTree = "<group>"; };
		C8AD327E2387BA950042ED39 /* Base */ = {isa = PBXFileReference; lastKnownFileType = file.storyboard; name = Base; path = Base.lproj/Main.storyboard; sourceTree = "<group>"; };
		C8AD32802387BA9C0042ED39 /* Assets.xcassets */ = {isa = PBXFileReference; lastKnownFileType = folder.assetcatalog; path = Assets.xcassets; sourceTree = "<group>"; };
		C8AD32832387BA9C0042ED39 /* Base */ = {isa = PBXFileReference; lastKnownFileType = file.storyboard; name = Base; path = Base.lproj/LaunchScreen.storyboard; sourceTree = "<group>"; };
		C8AD32852387BA9C0042ED39 /* Info.plist */ = {isa = PBXFileReference; lastKnownFileType = text.plist.xml; path = Info.plist; sourceTree = "<group>"; };
		C8AD328A2387BA9D0042ED39 /* OH_ManagementTests.xctest */ = {isa = PBXFileReference; explicitFileType = wrapper.cfbundle; includeInIndex = 0; path = OH_ManagementTests.xctest; sourceTree = BUILT_PRODUCTS_DIR; };
		C8AD328E2387BA9D0042ED39 /* OH_ManagementTests.swift */ = {isa = PBXFileReference; lastKnownFileType = sourcecode.swift; path = OH_ManagementTests.swift; sourceTree = "<group>"; };
		C8AD32902387BA9D0042ED39 /* Info.plist */ = {isa = PBXFileReference; lastKnownFileType = text.plist.xml; path = Info.plist; sourceTree = "<group>"; };
		C8AD32952387BA9D0042ED39 /* OH_ManagementUITests.xctest */ = {isa = PBXFileReference; explicitFileType = wrapper.cfbundle; includeInIndex = 0; path = OH_ManagementUITests.xctest; sourceTree = BUILT_PRODUCTS_DIR; };
		C8AD32992387BA9D0042ED39 /* OH_ManagementUITests.swift */ = {isa = PBXFileReference; lastKnownFileType = sourcecode.swift; path = OH_ManagementUITests.swift; sourceTree = "<group>"; };
		C8AD329B2387BA9D0042ED39 /* Info.plist */ = {isa = PBXFileReference; lastKnownFileType = text.plist.xml; path = Info.plist; sourceTree = "<group>"; };
/* End PBXFileReference section */

/* Begin PBXFrameworksBuildPhase section */
		C8AD32712387BA950042ED39 /* Frameworks */ = {
			isa = PBXFrameworksBuildPhase;
			buildActionMask = 2147483647;
			files = (
			);
			runOnlyForDeploymentPostprocessing = 0;
		};
		C8AD32872387BA9D0042ED39 /* Frameworks */ = {
			isa = PBXFrameworksBuildPhase;
			buildActionMask = 2147483647;
			files = (
			);
			runOnlyForDeploymentPostprocessing = 0;
		};
		C8AD32922387BA9D0042ED39 /* Frameworks */ = {
			isa = PBXFrameworksBuildPhase;
			buildActionMask = 2147483647;
			files = (
			);
			runOnlyForDeploymentPostprocessing = 0;
		};
/* End PBXFrameworksBuildPhase section */

/* Begin PBXGroup section */
		C8AD326B2387BA950042ED39 = {
			isa = PBXGroup;
			children = (
				C8AD32762387BA950042ED39 /* OH_Management */,
				C8AD328D2387BA9D0042ED39 /* OH_ManagementTests */,
				C8AD32982387BA9D0042ED39 /* OH_ManagementUITests */,
				C8AD32752387BA950042ED39 /* Products */,
			);
			sourceTree = "<group>";
		};
		C8AD32752387BA950042ED39 /* Products */ = {
			isa = PBXGroup;
			children = (
				C8AD32742387BA950042ED39 /* OH_Management.app */,
				C8AD328A2387BA9D0042ED39 /* OH_ManagementTests.xctest */,
				C8AD32952387BA9D0042ED39 /* OH_ManagementUITests.xctest */,
			);
			name = Products;
			sourceTree = "<group>";
		};
		C8AD32762387BA950042ED39 /* OH_Management */ = {
			isa = PBXGroup;
			children = (
				C8AD32772387BA950042ED39 /* AppDelegate.swift */,
				C8AD32792387BA950042ED39 /* SceneDelegate.swift */,
				C8AD327B2387BA950042ED39 /* ViewController.swift */,
				C8AD327D2387BA950042ED39 /* Main.storyboard */,
				C8AD32802387BA9C0042ED39 /* Assets.xcassets */,
				C8AD32822387BA9C0042ED39 /* LaunchScreen.storyboard */,
				C8AD32852387BA9C0042ED39 /* Info.plist */,
			);
			path = OH_Management;
			sourceTree = "<group>";
		};
		C8AD328D2387BA9D0042ED39 /* OH_ManagementTests */ = {
			isa = PBXGroup;
			children = (
				C8AD328E2387BA9D0042ED39 /* OH_ManagementTests.swift */,
				C8AD32902387BA9D0042ED39 /* Info.plist */,
			);
			path = OH_ManagementTests;
			sourceTree = "<group>";
		};
		C8AD32982387BA9D0042ED39 /* OH_ManagementUITests */ = {
			isa = PBXGroup;
			children = (
				C8AD32992387BA9D0042ED39 /* OH_ManagementUITests.swift */,
				C8AD329B2387BA9D0042ED39 /* Info.plist */,
			);
			path = OH_ManagementUITests;
			sourceTree = "<group>";
		};
/* End PBXGroup section */

/* Begin PBXNativeTarget section */
		C8AD32732387BA950042ED39 /* OH_Management */ = {
			isa = PBXNativeTarget;
			buildConfigurationList = C8AD329E2387BA9D0042ED39 /* Build configuration list for PBXNativeTarget "OH_Management" */;
			buildPhases = (
				C8AD32702387BA950042ED39 /* Sources */,
				C8AD32712387BA950042ED39 /* Frameworks */,
				C8AD32722387BA950042ED39 /* Resources */,
			);
			buildRules = (
			);
			dependencies = (
			);
			name = OH_Management;
			productName = OH_Management;
			productReference = C8AD32742387BA950042ED39 /* OH_Management.app */;
			productType = "com.apple.product-type.application";
		};
		C8AD32892387BA9D0042ED39 /* OH_ManagementTests */ = {
			isa = PBXNativeTarget;
			buildConfigurationList = C8AD32A12387BA9D0042ED39 /* Build configuration list for PBXNativeTarget "OH_ManagementTests" */;
			buildPhases = (
				C8AD32862387BA9D0042ED39 /* Sources */,
				C8AD32872387BA9D0042ED39 /* Frameworks */,
				C8AD32882387BA9D0042ED39 /* Resources */,
			);
			buildRules = (
			);
			dependencies = (
				C8AD328C2387BA9D0042ED39 /* PBXTargetDependency */,
			);
			name = OH_ManagementTests;
			productName = OH_ManagementTests;
			productReference = C8AD328A2387BA9D0042ED39 /* OH_ManagementTests.xctest */;
			productType = "com.apple.product-type.bundle.unit-test";
		};
		C8AD32942387BA9D0042ED39 /* OH_ManagementUITests */ = {
			isa = PBXNativeTarget;
			buildConfigurationList = C8AD32A42387BA9D0042ED39 /* Build configuration list for PBXNativeTarget "OH_ManagementUITests" */;
			buildPhases = (
				C8AD32912387BA9D0042ED39 /* Sources */,
				C8AD32922387BA9D0042ED39 /* Frameworks */,
				C8AD32932387BA9D0042ED39 /* Resources */,
			);
			buildRules = (
			);
			dependencies = (
				C8AD32972387BA9D0042ED39 /* PBXTargetDependency */,
			);
			name = OH_ManagementUITests;
			productName = OH_ManagementUITests;
			productReference = C8AD32952387BA9D0042ED39 /* OH_ManagementUITests.xctest */;
			productType = "com.apple.product-type.bundle.ui-testing";
		};
/* End PBXNativeTarget section */

/* Begin PBXProject section */
		C8AD326C2387BA950042ED39 /* Project object */ = {
			isa = PBXProject;
			attributes = {
				LastSwiftUpdateCheck = 1120;
				LastUpgradeCheck = 1120;
				ORGANIZATIONNAME = "CHOI Jongmin";
				TargetAttributes = {
					C8AD32732387BA950042ED39 = {
						CreatedOnToolsVersion = 11.2.1;
					};
					C8AD32892387BA9D0042ED39 = {
						CreatedOnToolsVersion = 11.2.1;
						TestTargetID = C8AD32732387BA950042ED39;
					};
					C8AD32942387BA9D0042ED39 = {
						CreatedOnToolsVersion = 11.2.1;
						TestTargetID = C8AD32732387BA950042ED39;
					};
				};
			};
			buildConfigurationList = C8AD326F2387BA950042ED39 /* Build configuration list for PBXProject "OH_Management" */;
			compatibilityVersion = "Xcode 9.3";
			developmentRegion = en;
			hasScannedForEncodings = 0;
			knownRegions = (
				en,
				Base,
			);
			mainGroup = C8AD326B2387BA950042ED39;
			productRefGroup = C8AD32752387BA950042ED39 /* Products */;
			projectDirPath = "";
			projectRoot = "";
			targets = (
				C8AD32732387BA950042ED39 /* OH_Management */,
				C8AD32892387BA9D0042ED39 /* OH_ManagementTests */,
				C8AD32942387BA9D0042ED39 /* OH_ManagementUITests */,
			);
		};
/* End PBXProject section */

/* Begin PBXResourcesBuildPhase section */
		C8AD32722387BA950042ED39 /* Resources */ = {
			isa = PBXResourcesBuildPhase;
			buildActionMask = 2147483647;
			files = (
				C8AD32842387BA9C0042ED39 /* LaunchScreen.storyboard in Resources */,
				C8AD32812387BA9C0042ED39 /* Assets.xcassets in Resources */,
				C8AD327F2387BA950042ED39 /* Main.storyboard in Resources */,
			);
			runOnlyForDeploymentPostprocessing = 0;
		};
		C8AD32882387BA9D0042ED39 /* Resources */ = {
			isa = PBXResourcesBuildPhase;
			buildActionMask = 2147483647;
			files = (
			);
			runOnlyForDeploymentPostprocessing = 0;
		};
		C8AD32932387BA9D0042ED39 /* Resources */ = {
			isa = PBXResourcesBuildPhase;
			buildActionMask = 2147483647;
			files = (
			);
			runOnlyForDeploymentPostprocessing = 0;
		};
/* End PBXResourcesBuildPhase section */

/* Begin PBXSourcesBuildPhase section */
		C8AD32702387BA950042ED39 /* Sources */ = {
			isa = PBXSourcesBuildPhase;
			buildActionMask = 2147483647;
			files = (
				C8AD327C2387BA950042ED39 /* ViewController.swift in Sources */,
				C8AD32782387BA950042ED39 /* AppDelegate.swift in Sources */,
				C8AD327A2387BA950042ED39 /* SceneDelegate.swift in Sources */,
			);
			runOnlyForDeploymentPostprocessing = 0;
		};
		C8AD32862387BA9D0042ED39 /* Sources */ = {
			isa = PBXSourcesBuildPhase;
			buildActionMask = 2147483647;
			files = (
				C8AD328F2387BA9D0042ED39 /* OH_ManagementTests.swift in Sources */,
			);
			runOnlyForDeploymentPostprocessing = 0;
		};
		C8AD32912387BA9D0042ED39 /* Sources */ = {
			isa = PBXSourcesBuildPhase;
			buildActionMask = 2147483647;
			files = (
				C8AD329A2387BA9D0042ED39 /* OH_ManagementUITests.swift in Sources */,
			);
			runOnlyForDeploymentPostprocessing = 0;
		};
/* End PBXSourcesBuildPhase section */

/* Begin PBXTargetDependency section */
		C8AD328C2387BA9D0042ED39 /* PBXTargetDependency */ = {
			isa = PBXTargetDependency;
			target = C8AD32732387BA950042ED39 /* OH_Management */;
			targetProxy = C8AD328B2387BA9D0042ED39 /* PBXContainerItemProxy */;
		};
		C8AD32972387BA9D0042ED39 /* PBXTargetDependency */ = {
			isa = PBXTargetDependency;
			target = C8AD32732387BA950042ED39 /* OH_Management */;
			targetProxy = C8AD32962387BA9D0042ED39 /* PBXContainerItemProxy */;
		};
/* End PBXTargetDependency section */

/* Begin PBXVariantGroup section */
		C8AD327D2387BA950042ED39 /* Main.storyboard */ = {
			isa = PBXVariantGroup;
			children = (
				C8AD327E2387BA950042ED39 /* Base */,
			);
			name = Main.storyboard;
			sourceTree = "<group>";
		};
		C8AD32822387BA9C0042ED39 /* LaunchScreen.storyboard */ = {
			isa = PBXVariantGroup;
			children = (
				C8AD32832387BA9C0042ED39 /* Base */,
			);
			name = LaunchScreen.storyboard;
			sourceTree = "<group>";
		};
/* End PBXVariantGroup section */

/* Begin XCBuildConfiguration section */
		C8AD329C2387BA9D0042ED39 /* Debug */ = {
			isa = XCBuildConfiguration;
			buildSettings = {
				ALWAYS_SEARCH_USER_PATHS = NO;
				CLANG_ANALYZER_NONNULL = YES;
				CLANG_ANALYZER_NUMBER_OBJECT_CONVERSION = YES_AGGRESSIVE;
				CLANG_CXX_LANGUAGE_STANDARD = "gnu++14";
				CLANG_CXX_LIBRARY = "libc++";
				CLANG_ENABLE_MODULES = YES;
				CLANG_ENABLE_OBJC_ARC = YES;
				CLANG_ENABLE_OBJC_WEAK = YES;
				CLANG_WARN_BLOCK_CAPTURE_AUTORELEASING = YES;
				CLANG_WARN_BOOL_CONVERSION = YES;
				CLANG_WARN_COMMA = YES;
				CLANG_WARN_CONSTANT_CONVERSION = YES;
				CLANG_WARN_DEPRECATED_OBJC_IMPLEMENTATIONS = YES;
				CLANG_WARN_DIRECT_OBJC_ISA_USAGE = YES_ERROR;
				CLANG_WARN_DOCUMENTATION_COMMENTS = YES;
				CLANG_WARN_EMPTY_BODY = YES;
				CLANG_WARN_ENUM_CONVERSION = YES;
				CLANG_WARN_INFINITE_RECURSION = YES;
				CLANG_WARN_INT_CONVERSION = YES;
				CLANG_WARN_NON_LITERAL_NULL_CONVERSION = YES;
				CLANG_WARN_OBJC_IMPLICIT_RETAIN_SELF = YES;
				CLANG_WARN_OBJC_LITERAL_CONVERSION = YES;
				CLANG_WARN_OBJC_ROOT_CLASS = YES_ERROR;
				CLANG_WARN_RANGE_LOOP_ANALYSIS = YES;
				CLANG_WARN_STRICT_PROTOTYPES = YES;
				CLANG_WARN_SUSPICIOUS_MOVE = YES;
				CLANG_WARN_UNGUARDED_AVAILABILITY = YES_AGGRESSIVE;
				CLANG_WARN_UNREACHABLE_CODE = YES;
				CLANG_WARN__DUPLICATE_METHOD_MATCH = YES;
				COPY_PHASE_STRIP = NO;
				DEBUG_INFORMATION_FORMAT = dwarf;
				ENABLE_STRICT_OBJC_MSGSEND = YES;
				ENABLE_TESTABILITY = YES;
				GCC_C_LANGUAGE_STANDARD = gnu11;
				GCC_DYNAMIC_NO_PIC = NO;
				GCC_NO_COMMON_BLOCKS = YES;
				GCC_OPTIMIZATION_LEVEL = 0;
				GCC_PREPROCESSOR_DEFINITIONS = (
					"DEBUG=1",
					"$(inherited)",
				);
				GCC_WARN_64_TO_32_BIT_CONVERSION = YES;
				GCC_WARN_ABOUT_RETURN_TYPE = YES_ERROR;
				GCC_WARN_UNDECLARED_SELECTOR = YES;
				GCC_WARN_UNINITIALIZED_AUTOS = YES_AGGRESSIVE;
				GCC_WARN_UNUSED_FUNCTION = YES;
				GCC_WARN_UNUSED_VARIABLE = YES;
				IPHONEOS_DEPLOYMENT_TARGET = 13.2;
				MTL_ENABLE_DEBUG_INFO = INCLUDE_SOURCE;
				MTL_FAST_MATH = YES;
				ONLY_ACTIVE_ARCH = YES;
				SDKROOT = iphoneos;
				SWIFT_ACTIVE_COMPILATION_CONDITIONS = DEBUG;
				SWIFT_OPTIMIZATION_LEVEL = "-Onone";
			};
			name = Debug;
		};
		C8AD329D2387BA9D0042ED39 /* Release */ = {
			isa = XCBuildConfiguration;
			buildSettings = {
				ALWAYS_SEARCH_USER_PATHS = NO;
				CLANG_ANALYZER_NONNULL = YES;
				CLANG_ANALYZER_NUMBER_OBJECT_CONVERSION = YES_AGGRESSIVE;
				CLANG_CXX_LANGUAGE_STANDARD = "gnu++14";
				CLANG_CXX_LIBRARY = "libc++";
				CLANG_ENABLE_MODULES = YES;
				CLANG_ENABLE_OBJC_ARC = YES;
				CLANG_ENABLE_OBJC_WEAK = YES;
				CLANG_WARN_BLOCK_CAPTURE_AUTORELEASING = YES;
				CLANG_WARN_BOOL_CONVERSION = YES;
				CLANG_WARN_COMMA = YES;
				CLANG_WARN_CONSTANT_CONVERSION = YES;
				CLANG_WARN_DEPRECATED_OBJC_IMPLEMENTATIONS = YES;
				CLANG_WARN_DIRECT_OBJC_ISA_USAGE = YES_ERROR;
				CLANG_WARN_DOCUMENTATION_COMMENTS = YES;
				CLANG_WARN_EMPTY_BODY = YES;
				CLANG_WARN_ENUM_CONVERSION = YES;
				CLANG_WARN_INFINITE_RECURSION = YES;
				CLANG_WARN_INT_CONVERSION = YES;
				CLANG_WARN_NON_LITERAL_NULL_CONVERSION = YES;
				CLANG_WARN_OBJC_IMPLICIT_RETAIN_SELF = YES;
				CLANG_WARN_OBJC_LITERAL_CONVERSION = YES;
				CLANG_WARN_OBJC_ROOT_CLASS = YES_ERROR;
				CLANG_WARN_RANGE_LOOP_ANALYSIS = YES;
				CLANG_WARN_STRICT_PROTOTYPES = YES;
				CLANG_WARN_SUSPICIOUS_MOVE = YES;
				CLANG_WARN_UNGUARDED_AVAILABILITY = YES_AGGRESSIVE;
				CLANG_WARN_UNREACHABLE_CODE = YES;
				CLANG_WARN__DUPLICATE_METHOD_MATCH = YES;
				COPY_PHASE_STRIP = NO;
				DEBUG_INFORMATION_FORMAT = "dwarf-with-dsym";
				ENABLE_NS_ASSERTIONS = NO;
				ENABLE_STRICT_OBJC_MSGSEND = YES;
				GCC_C_LANGUAGE_STANDARD = gnu11;
				GCC_NO_COMMON_BLOCKS = YES;
				GCC_WARN_64_TO_32_BIT_CONVERSION = YES;
				GCC_WARN_ABOUT_RETURN_TYPE = YES_ERROR;
				GCC_WARN_UNDECLARED_SELECTOR = YES;
				GCC_WARN_UNINITIALIZED_AUTOS = YES_AGGRESSIVE;
				GCC_WARN_UNUSED_FUNCTION = YES;
				GCC_WARN_UNUSED_VARIABLE = YES;
				IPHONEOS_DEPLOYMENT_TARGET = 13.2;
				MTL_ENABLE_DEBUG_INFO = NO;
				MTL_FAST_MATH = YES;
				SDKROOT = iphoneos;
				SWIFT_COMPILATION_MODE = wholemodule;
				SWIFT_OPTIMIZATION_LEVEL = "-O";
				VALIDATE_PRODUCT = YES;
			};
			name = Release;
		};
		C8AD329F2387BA9D0042ED39 /* Debug */ = {
			isa = XCBuildConfiguration;
			buildSettings = {
				ASSETCATALOG_COMPILER_APPICON_NAME = AppIcon;
				CODE_SIGN_STYLE = Automatic;
				DEVELOPMENT_TEAM = TNG4H85GH4;
				INFOPLIST_FILE = OH_Management/Info.plist;
				LD_RUNPATH_SEARCH_PATHS = (
					"$(inherited)",
					"@executable_path/Frameworks",
				);
				PRODUCT_BUNDLE_IDENTIFIER = "com.era.OH-Management";
				PRODUCT_NAME = "$(TARGET_NAME)";
				SWIFT_VERSION = 5.0;
				TARGETED_DEVICE_FAMILY = "1,2";
			};
			name = Debug;
		};
		C8AD32A02387BA9D0042ED39 /* Release */ = {
			isa = XCBuildConfiguration;
			buildSettings = {
				ASSETCATALOG_COMPILER_APPICON_NAME = AppIcon;
				CODE_SIGN_STYLE = Automatic;
				DEVELOPMENT_TEAM = TNG4H85GH4;
				INFOPLIST_FILE = OH_Management/Info.plist;
				LD_RUNPATH_SEARCH_PATHS = (
					"$(inherited)",
					"@executable_path/Frameworks",
				);
				PRODUCT_BUNDLE_IDENTIFIER = "com.era.OH-Management";
				PRODUCT_NAME = "$(TARGET_NAME)";
				SWIFT_VERSION = 5.0;
				TARGETED_DEVICE_FAMILY = "1,2";
			};
			name = Release;
		};
		C8AD32A22387BA9D0042ED39 /* Debug */ = {
			isa = XCBuildConfiguration;
			buildSettings = {
				ALWAYS_EMBED_SWIFT_STANDARD_LIBRARIES = YES;
				BUNDLE_LOADER = "$(TEST_HOST)";
				CODE_SIGN_STYLE = Automatic;
				DEVELOPMENT_TEAM = TNG4H85GH4;
				INFOPLIST_FILE = OH_ManagementTests/Info.plist;
				IPHONEOS_DEPLOYMENT_TARGET = 13.2;
				LD_RUNPATH_SEARCH_PATHS = (
					"$(inherited)",
					"@executable_path/Frameworks",
					"@loader_path/Frameworks",
				);
				PRODUCT_BUNDLE_IDENTIFIER = "com.era.OH-ManagementTests";
				PRODUCT_NAME = "$(TARGET_NAME)";
				SWIFT_VERSION = 5.0;
				TARGETED_DEVICE_FAMILY = "1,2";
				TEST_HOST = "$(BUILT_PRODUCTS_DIR)/OH_Management.app/OH_Management";
			};
			name = Debug;
		};
		C8AD32A32387BA9D0042ED39 /* Release */ = {
			isa = XCBuildConfiguration;
			buildSettings = {
				ALWAYS_EMBED_SWIFT_STANDARD_LIBRARIES = YES;
				BUNDLE_LOADER = "$(TEST_HOST)";
				CODE_SIGN_STYLE = Automatic;
				DEVELOPMENT_TEAM = TNG4H85GH4;
				INFOPLIST_FILE = OH_ManagementTests/Info.plist;
				IPHONEOS_DEPLOYMENT_TARGET = 13.2;
				LD_RUNPATH_SEARCH_PATHS = (
					"$(inherited)",
					"@executable_path/Frameworks",
					"@loader_path/Frameworks",
				);
				PRODUCT_BUNDLE_IDENTIFIER = "com.era.OH-ManagementTests";
				PRODUCT_NAME = "$(TARGET_NAME)";
				SWIFT_VERSION = 5.0;
				TARGETED_DEVICE_FAMILY = "1,2";
				TEST_HOST = "$(BUILT_PRODUCTS_DIR)/OH_Management.app/OH_Management";
			};
			name = Release;
		};
		C8AD32A52387BA9D0042ED39 /* Debug */ = {
			isa = XCBuildConfiguration;
			buildSettings = {
				ALWAYS_EMBED_SWIFT_STANDARD_LIBRARIES = YES;
				CODE_SIGN_STYLE = Automatic;
				DEVELOPMENT_TEAM = TNG4H85GH4;
				INFOPLIST_FILE = OH_ManagementUITests/Info.plist;
				LD_RUNPATH_SEARCH_PATHS = (
					"$(inherited)",
					"@executable_path/Frameworks",
					"@loader_path/Frameworks",
				);
				PRODUCT_BUNDLE_IDENTIFIER = "com.era.OH-ManagementUITests";
				PRODUCT_NAME = "$(TARGET_NAME)";
				SWIFT_VERSION = 5.0;
				TARGETED_DEVICE_FAMILY = "1,2";
				TEST_TARGET_NAME = OH_Management;
			};
			name = Debug;
		};
		C8AD32A62387BA9D0042ED39 /* Release */ = {
			isa = XCBuildConfiguration;
			buildSettings = {
				ALWAYS_EMBED_SWIFT_STANDARD_LIBRARIES = YES;
				CODE_SIGN_STYLE = Automatic;
				DEVELOPMENT_TEAM = TNG4H85GH4;
				INFOPLIST_FILE = OH_ManagementUITests/Info.plist;
				LD_RUNPATH_SEARCH_PATHS = (
					"$(inherited)",
					"@executable_path/Frameworks",
					"@loader_path/Frameworks",
				);
				PRODUCT_BUNDLE_IDENTIFIER = "com.era.OH-ManagementUITests";
				PRODUCT_NAME = "$(TARGET_NAME)";
				SWIFT_VERSION = 5.0;
				TARGETED_DEVICE_FAMILY = "1,2";
				TEST_TARGET_NAME = OH_Management;
			};
			name = Release;
		};
/* End XCBuildConfiguration section */

/* Begin XCConfigurationList section */
		C8AD326F2387BA950042ED39 /* Build configuration list for PBXProject "OH_Management" */ = {
			isa = XCConfigurationList;
			buildConfigurations = (
				C8AD329C2387BA9D0042ED39 /* Debug */,
				C8AD329D2387BA9D0042ED39 /* Release */,
			);
			defaultConfigurationIsVisible = 0;
			defaultConfigurationName = Release;
		};
		C8AD329E2387BA9D0042ED39 /* Build configuration list for PBXNativeTarget "OH_Management" */ = {
			isa = XCConfigurationList;
			buildConfigurations = (
				C8AD329F2387BA9D0042ED39 /* Debug */,
				C8AD32A02387BA9D0042ED39 /* Release */,
			);
			defaultConfigurationIsVisible = 0;
			defaultConfigurationName = Release;
		};
		C8AD32A12387BA9D0042ED39 /* Build configuration list for PBXNativeTarget "OH_ManagementTests" */ = {
			isa = XCConfigurationList;
			buildConfigurations = (
				C8AD32A22387BA9D0042ED39 /* Debug */,
				C8AD32A32387BA9D0042ED39 /* Release */,
			);
			defaultConfigurationIsVisible = 0;
			defaultConfigurationName = Release;
		};
		C8AD32A42387BA9D0042ED39 /* Build configuration list for PBXNativeTarget "OH_ManagementUITests" */ = {
			isa = XCConfigurationList;
			buildConfigurations = (
				C8AD32A52387BA9D0042ED39 /* Debug */,
				C8AD32A62387BA9D0042ED39 /* Release */,
			);
			defaultConfigurationIsVisible = 0;
			defaultConfigurationName = Release;
		};
/* End XCConfigurationList section */
	};
	rootObject = C8AD326C2387BA950042ED39 /* Project object */;
}
